NeoBundleLock ag.vim 6600953fc7c85ca43216abf4765118994bf0cc5f
NeoBundleLock caw.vim 6fada5221ef97d6a173e17df2229dcfb7681d839
NeoBundleLock gocode db85a48a7870f46784edc202c780b19e2f65053a
NeoBundleLock indentLine 9cb94e17354d98d6fb4f59b243144d4d34d0b654
NeoBundleLock jedi-vim 625c568b1249db8c5f1b06a1f9371c06ba2d08b5
NeoBundleLock lightline.vim 6c64730b04d82f2eeb4c11cc907bf17c13543a93
NeoBundleLock neobundle.vim 3c9acd215202fc215af0060c5b2715cdc18a910d
NeoBundleLock neocomplete.vim 7b6e28f55665245b8c028e6323169ab88bce4beb
NeoBundleLock neomru.vim e317db0bb40fddc569a3d71d5ed3acb1df4e2da0
NeoBundleLock neosnippet a323d8255a3dcd21c960da9dcd5b973d5fc3ce65
NeoBundleLock neosnippet-snippets 58b6ae1b86b005dae6f24b1d7f033a9575bc6234
NeoBundleLock neoyank.vim a9a44e02c7b8050cb125803807585f5a6ead2d2e
NeoBundleLock switch.vim 371d6812d8d072d99f8191e0d49f0ab70475eaf5
NeoBundleLock tagbar 7b36c46d17d57db34fdb0adac9ba6382d0bb5e66
NeoBundleLock undotree 39e5cf0fc241c64e920f91d52299b444475d54df
NeoBundleLock unite-outline 766d921e859eb54a7ac7c45c4052df7121ea6347
NeoBundleLock unite.vim c8f116cc33d5d216645461e0edca219e8603d52a
NeoBundleLock vim-autopep8 7bc29400007c940f31832c11559bc565c357905b
NeoBundleLock vim-easy-align d1b68f9dd0796ebfca16e705f0e27bd62634d446
NeoBundleLock vim-easymotion b1acf6712db8b1754517dd0d8d67b52e75d684b5
NeoBundleLock vim-expand-region 966513543de0ddc2d673b5528a056269e7917276
NeoBundleLock vim-fugitive 9835920a3c91236021fc8c88cc4157304e24356b
NeoBundleLock vim-go-extra 522fc495fd9de46c3c87d46a81bff5b1072f5e97
NeoBundleLock vim-json f5e3181d0b33a9c51377bb7ea8492feddca8b503
NeoBundleLock vim-over 0d99be7953f85c63eb4c904020eba9ce72f43e73
NeoBundleLock vim-quickrun ac9f4be0698dffb30ebdf284f8ba5abbaab5eaca
NeoBundleLock vim-ref 007b0ac409100cf2b83eb7dace5c8235e3737fef
NeoBundleLock vim-snippets e73c5b8036cc15ea1ecbc535574e977523bf46f4
NeoBundleLock vim-surround 2d05440ad23f97a7874ebd9b5de3a0e65d25d85c
NeoBundleLock vim-table-mode 2ab64777a5b81e240810999eb6e7dc65e1de5461
NeoBundleLock vimdoc-ja 83b974e0b3a7ea3f8925f553aed5c985c3ac030c
NeoBundleLock vimfiler f891db9796038f1e5c922f92b988b55b37458f4c
NeoBundleLock vimproc aa075b9b56839e1adb08421d2e9837f90e59acad
NeoBundleLock vimshell.vim cafde1a38b93212119b9dfed26c28a240655275b
NeoBundleLock vinarise 289fc39a53ef7f3618264a69c5199fcce0c64929
NeoBundleLock xterm-color-table.vim 9754e857e5f4fe1f8727106dcc682d21c29a51e4
